
Microsoft Visual Studio Solution File, Format Version 12.00
# Visual Studio Version 17
VisualStudioVersion = 17.8.34511.84
MinimumVisualStudioVersion = 10.0.40219.1
Project("{FAE04EC0-301F-11D3-BF4B-00C04F79EFBC}") = "IdGamesRandomDownloader", "IdGamesRandomDownloader\IdGamesRandomDownloader.csproj", "{125EA831-18AC-4892-8E40-910862B2B253}"
EndProject
Global
	GlobalSection(SolutionConfigurationPlatforms) = preSolution
		Debug|Any CPU = Debug|Any CPU
		Release|Any CPU = Release|Any CPU
	EndGlobalSection
	GlobalSection(ProjectConfigurationPlatforms) = postSolution
		{125EA831-18AC-4892-8E40-910862B2B253}.Debug|Any CPU.ActiveCfg = Debug|Any CPU
		{125EA831-18AC-4892-8E40-910862B2B253}.Debug|Any CPU.Build.0 = Debug|Any CPU
		{125EA831-18AC-4892-8E40-910862B2B253}.Release|Any CPU.ActiveCfg = Release|Any CPU
		{125EA831-18AC-4892-8E40-910862B2B253}.Release|Any CPU.Build.0 = Release|Any CPU
	EndGlobalSection
	GlobalSection(SolutionProperties) = preSolution
		HideSolutionNode = FALSE
	EndGlobalSection
	GlobalSection(ExtensibilityGlobals) = postSolution
		SolutionGuid = {3D2DD298-731B-4037-B5E5-DFDBBD2FB006}
	EndGlobalSection
EndGlobal
